# THIS IS AN AUTOGENERATED FILE. DO NOT EDIT THIS FILE DIRECTLY.
# yarn lockfile v1


escape-string-regexp@^1.0.5:
  version "1.0.5"
  resolved "https://registry.yarnpkg.com/escape-string-regexp/-/escape-string-regexp-1.0.5.tgz#1b61c0562190a8dff6ae3bb2cf0200ca130b86d4"
  integrity sha1-G2HAViGQqN/2rjuyzwIAyhMLhtQ=

eslint-plugin-eslint-comments@^3.1.2:
  version "3.1.2"
  resolved "https://registry.yarnpkg.com/eslint-plugin-eslint-comments/-/eslint-plugin-eslint-comments-3.1.2.tgz#4ef6c488dbe06aa1627fea107b3e5d059fc8a395"
  integrity sha512-QexaqrNeteFfRTad96W+Vi4Zj1KFbkHHNMMaHZEYcovKav6gdomyGzaxSDSL3GoIyUOo078wRAdYlu1caiauIQ==
  dependencies:
    escape-string-regexp "^1.0.5"
    ignore "^5.0.5"

ignore@^5.0.5:
  version "5.1.4"
  resolved "https://registry.yarnpkg.com/ignore/-/ignore-5.1.4.tgz#84b7b3dbe64552b6ef0eca99f6743dbec6d97adf"
  integrity sha512-MzbUSahkTW1u7JpKKjY7LCARd1fU5W2rLdxlM4kdkayuCwZImjkpluF9CM1aLewYJguPDqewLam18Y6AU69A8A==
